
Microsoft Visual Studio Solution File, Format Version 12.00
# Visual Studio Version 16
VisualStudioVersion = 16.0.29519.181
MinimumVisualStudioVersion = 10.0.40219.1
Project("{9A19103F-16F7-4668-BE54-9A1E7A4F7556}") = "ChequeWriter", "ChequeWriter\ChequeWriter.csproj", "{BD961368-10D6-4DC8-8F6C-0D2F8C9CBA6D}"
EndProject
Project("{FAE04EC0-301F-11D3-BF4B-00C04F79EFBC}") = "ChequeWriterUnitTests", "ChequeWriterUnitTests\ChequeWriterUnitTests.csproj", "{0E78972D-402B-41A2-93C3-37DFE87DB03F}"
EndProject
Global
	GlobalSection(SolutionConfigurationPlatforms) = preSolution
		Debug|Any CPU = Debug|Any CPU
		Release|Any CPU = Release|Any CPU
	EndGlobalSection
	GlobalSection(ProjectConfigurationPlatforms) = postSolution
		{BD961368-10D6-4DC8-8F6C-0D2F8C9CBA6D}.Debug|Any CPU.ActiveCfg = Debug|Any CPU
		{BD961368-10D6-4DC8-8F6C-0D2F8C9CBA6D}.Debug|Any CPU.Build.0 = Debug|Any CPU
		{BD961368-10D6-4DC8-8F6C-0D2F8C9CBA6D}.Release|Any CPU.ActiveCfg = Release|Any CPU
		{BD961368-10D6-4DC8-8F6C-0D2F8C9CBA6D}.Release|Any CPU.Build.0 = Release|Any CPU
		{0E78972D-402B-41A2-93C3-37DFE87DB03F}.Debug|Any CPU.ActiveCfg = Debug|Any CPU
		{0E78972D-402B-41A2-93C3-37DFE87DB03F}.Debug|Any CPU.Build.0 = Debug|Any CPU
		{0E78972D-402B-41A2-93C3-37DFE87DB03F}.Release|Any CPU.ActiveCfg = Release|Any CPU
		{0E78972D-402B-41A2-93C3-37DFE87DB03F}.Release|Any CPU.Build.0 = Release|Any CPU
	EndGlobalSection
	GlobalSection(SolutionProperties) = preSolution
		HideSolutionNode = FALSE
	EndGlobalSection
	GlobalSection(ExtensibilityGlobals) = postSolution
		SolutionGuid = {9DB161A8-EB19-43D4-B3AE-FB41205AA41F}
	EndGlobalSection
EndGlobal
